
Microsoft Visual Studio Solution File, Format Version 12.00
# Visual Studio Version 16
VisualStudioVersion = 16.6.30114.105
MinimumVisualStudioVersion = 10.0.40219.1
Project("{FAE04EC0-301F-11D3-BF4B-00C04F79EFBC}") = "API", "API\API.csproj", "{D18B24EF-7B07-45A9-BEE6-464793FD5C52}"
EndProject
Project("{FAE04EC0-301F-11D3-BF4B-00C04F79EFBC}") = "Application", "Application\Application.csproj", "{2EF80E93-E602-46F8-9558-C21A2903F2F8}"
EndProject
Project("{FAE04EC0-301F-11D3-BF4B-00C04F79EFBC}") = "Domain", "Domain\Domain.csproj", "{792CCD63-A145-4C37-BC6E-D4285EB07573}"
EndProject
Project("{FAE04EC0-301F-11D3-BF4B-00C04F79EFBC}") = "Persistence", "Persistence\Persistence.csproj", "{19399565-FC67-4526-9678-5A5B26A30D0C}"
EndProject
Project("{FAE04EC0-301F-11D3-BF4B-00C04F79EFBC}") = "Infrastructure", "Infrastructure\Infrastructure.csproj", "{EB0C6740-1825-47A2-AFE3-BCD1DD6249A5}"
EndProject
Global
	GlobalSection(SolutionConfigurationPlatforms) = preSolution
		Debug|Any CPU = Debug|Any CPU
		Debug|x64 = Debug|x64
		Debug|x86 = Debug|x86
		Release|Any CPU = Release|Any CPU
		Release|x64 = Release|x64
		Release|x86 = Release|x86
	EndGlobalSection
	GlobalSection(SolutionProperties) = preSolution
		HideSolutionNode = FALSE
	EndGlobalSection
	GlobalSection(ProjectConfigurationPlatforms) = postSolution
		{D18B24EF-7B07-45A9-BEE6-464793FD5C52}.Debug|Any CPU.ActiveCfg = Debug|Any CPU
		{D18B24EF-7B07-45A9-BEE6-464793FD5C52}.Debug|Any CPU.Build.0 = Debug|Any CPU
		{D18B24EF-7B07-45A9-BEE6-464793FD5C52}.Debug|x64.ActiveCfg = Debug|Any CPU
		{D18B24EF-7B07-45A9-BEE6-464793FD5C52}.Debug|x64.Build.0 = Debug|Any CPU
		{D18B24EF-7B07-45A9-BEE6-464793FD5C52}.Debug|x86.ActiveCfg = Debug|Any CPU
		{D18B24EF-7B07-45A9-BEE6-464793FD5C52}.Debug|x86.Build.0 = Debug|Any CPU
		{D18B24EF-7B07-45A9-BEE6-464793FD5C52}.Release|Any CPU.ActiveCfg = Release|Any CPU
		{D18B24EF-7B07-45A9-BEE6-464793FD5C52}.Release|Any CPU.Build.0 = Release|Any CPU
		{D18B24EF-7B07-45A9-BEE6-464793FD5C52}.Release|x64.ActiveCfg = Release|Any CPU
		{D18B24EF-7B07-45A9-BEE6-464793FD5C52}.Release|x64.Build.0 = Release|Any CPU
		{D18B24EF-7B07-45A9-BEE6-464793FD5C52}.Release|x86.ActiveCfg = Release|Any CPU
		{D18B24EF-7B07-45A9-BEE6-464793FD5C52}.Release|x86.Build.0 = Release|Any CPU
		{2EF80E93-E602-46F8-9558-C21A2903F2F8}.Debug|Any CPU.ActiveCfg = Debug|Any CPU
		{2EF80E93-E602-46F8-9558-C21A2903F2F8}.Debug|Any CPU.Build.0 = Debug|Any CPU
		{2EF80E93-E602-46F8-9558-C21A2903F2F8}.Debug|x64.ActiveCfg = Debug|Any CPU
		{2EF80E93-E602-46F8-9558-C21A2903F2F8}.Debug|x64.Build.0 = Debug|Any CPU
		{2EF80E93-E602-46F8-9558-C21A2903F2F8}.Debug|x86.ActiveCfg = Debug|Any CPU
		{2EF80E93-E602-46F8-9558-C21A2903F2F8}.Debug|x86.Build.0 = Debug|Any CPU
		{2EF80E93-E602-46F8-9558-C21A2903F2F8}.Release|Any CPU.ActiveCfg = Release|Any CPU
		{2EF80E93-E602-46F8-9558-C21A2903F2F8}.Release|Any CPU.Build.0 = Release|Any CPU
		{2EF80E93-E602-46F8-9558-C21A2903F2F8}.Release|x64.ActiveCfg = Release|Any CPU
		{2EF80E93-E602-46F8-9558-C21A2903F2F8}.Release|x64.Build.0 = Release|Any CPU
		{2EF80E93-E602-46F8-9558-C21A2903F2F8}.Release|x86.ActiveCfg = Release|Any CPU
		{2EF80E93-E602-46F8-9558-C21A2903F2F8}.Release|x86.Build.0 = Release|Any CPU
		{792CCD63-A145-4C37-BC6E-D4285EB07573}.Debug|Any CPU.ActiveCfg = Debug|Any CPU
		{792CCD63-A145-4C37-BC6E-D4285EB07573}.Debug|Any CPU.Build.0 = Debug|Any CPU
		{792CCD63-A145-4C37-BC6E-D4285EB07573}.Debug|x64.ActiveCfg = Debug|Any CPU
		{792CCD63-A145-4C37-BC6E-D4285EB07573}.Debug|x64.Build.0 = Debug|Any CPU
		{792CCD63-A145-4C37-BC6E-D4285EB07573}.Debug|x86.ActiveCfg = Debug|Any CPU
		{792CCD63-A145-4C37-BC6E-D4285EB07573}.Debug|x86.Build.0 = Debug|Any CPU
		{792CCD63-A145-4C37-BC6E-D4285EB07573}.Release|Any CPU.ActiveCfg = Release|Any CPU
		{792CCD63-A145-4C37-BC6E-D4285EB07573}.Release|Any CPU.Build.0 = Release|Any CPU
		{792CCD63-A145-4C37-BC6E-D4285EB07573}.Release|x64.ActiveCfg = Release|Any CPU
		{792CCD63-A145-4C37-BC6E-D4285EB07573}.Release|x64.Build.0 = Release|Any CPU
		{792CCD63-A145-4C37-BC6E-D4285EB07573}.Release|x86.ActiveCfg = Release|Any CPU
		{792CCD63-A145-4C37-BC6E-D4285EB07573}.Release|x86.Build.0 = Release|Any CPU
		{19399565-FC67-4526-9678-5A5B26A30D0C}.Debug|Any CPU.ActiveCfg = Debug|Any CPU
		{19399565-FC67-4526-9678-5A5B26A30D0C}.Debug|Any CPU.Build.0 = Debug|Any CPU
		{19399565-FC67-4526-9678-5A5B26A30D0C}.Debug|x64.ActiveCfg = Debug|Any CPU
		{19399565-FC67-4526-9678-5A5B26A30D0C}.Debug|x64.Build.0 = Debug|Any CPU
		{19399565-FC67-4526-9678-5A5B26A30D0C}.Debug|x86.ActiveCfg = Debug|Any CPU
		{19399565-FC67-4526-9678-5A5B26A30D0C}.Debug|x86.Build.0 = Debug|Any CPU
		{19399565-FC67-4526-9678-5A5B26A30D0C}.Release|Any CPU.ActiveCfg = Release|Any CPU
		{19399565-FC67-4526-9678-5A5B26A30D0C}.Release|Any CPU.Build.0 = Release|Any CPU
		{19399565-FC67-4526-9678-5A5B26A30D0C}.Release|x64.ActiveCfg = Release|Any CPU
		{19399565-FC67-4526-9678-5A5B26A30D0C}.Release|x64.Build.0 = Release|Any CPU
		{19399565-FC67-4526-9678-5A5B26A30D0C}.Release|x86.ActiveCfg = Release|Any CPU
		{19399565-FC67-4526-9678-5A5B26A30D0C}.Release|x86.Build.0 = Release|Any CPU
		{EB0C6740-1825-47A2-AFE3-BCD1DD6249A5}.Debug|Any CPU.ActiveCfg = Debug|Any CPU
		{EB0C6740-1825-47A2-AFE3-BCD1DD6249A5}.Debug|Any CPU.Build.0 = Debug|Any CPU
		{EB0C6740-1825-47A2-AFE3-BCD1DD6249A5}.Debug|x64.ActiveCfg = Debug|Any CPU
		{EB0C6740-1825-47A2-AFE3-BCD1DD6249A5}.Debug|x64.Build.0 = Debug|Any CPU
		{EB0C6740-1825-47A2-AFE3-BCD1DD6249A5}.Debug|x86.ActiveCfg = Debug|Any CPU
		{EB0C6740-1825-47A2-AFE3-BCD1DD6249A5}.Debug|x86.Build.0 = Debug|Any CPU
		{EB0C6740-1825-47A2-AFE3-BCD1DD6249A5}.Release|Any CPU.ActiveCfg = Release|Any CPU
		{EB0C6740-1825-47A2-AFE3-BCD1DD6249A5}.Release|Any CPU.Build.0 = Release|Any CPU
		{EB0C6740-1825-47A2-AFE3-BCD1DD6249A5}.Release|x64.ActiveCfg = Release|Any CPU
		{EB0C6740-1825-47A2-AFE3-BCD1DD6249A5}.Release|x64.Build.0 = Release|Any CPU
		{EB0C6740-1825-47A2-AFE3-BCD1DD6249A5}.Release|x86.ActiveCfg = Release|Any CPU
		{EB0C6740-1825-47A2-AFE3-BCD1DD6249A5}.Release|x86.Build.0 = Release|Any CPU
	EndGlobalSection
EndGlobal
